// !$*UTF8*$!
{
	archiveVersion = 1;
	classes = {
	};
	objectVersion = 55;
	objects = {

/* Begin PBXBuildFile section */
		AC0CFE322A6012DA0061EEF3 /* TypesListView.swift in Sources */ = {isa = PBXBuildFile; fileRef = AC0CFE312A6012DA0061EEF3 /* TypesListView.swift */; };
		AC0CFE332A6012DA0061EEF3 /* TypesListView.swift in Sources */ = {isa = PBXBuildFile; fileRef = AC0CFE312A6012DA0061EEF3 /* TypesListView.swift */; };
		AC13823228343C9F00EFC203 /* SwipeV.swift in Sources */ = {isa = PBXBuildFile; fileRef = AC13823128343C9F00EFC203 /* SwipeV.swift */; };
		AC13823328343C9F00EFC203 /* SwipeV.swift in Sources */ = {isa = PBXBuildFile; fileRef = AC13823128343C9F00EFC203 /* SwipeV.swift */; };
		AC1CB4A429B22823009DBE25 /* ExpandableV.swift in Sources */ = {isa = PBXBuildFile; fileRef = AC1CB4A329B22823009DBE25 /* ExpandableV.swift */; };
		AC1CB4A529B22823009DBE25 /* ExpandableV.swift in Sources */ = {isa = PBXBuildFile; fileRef = AC1CB4A329B22823009DBE25 /* ExpandableV.swift */; };
		AC281E9B2A4DDE10006BF143 /* NavStackView.swift in Sources */ = {isa = PBXBuildFile; fileRef = AC281E9A2A4DDE10006BF143 /* NavStackView.swift */; };
		AC281E9C2A4DDE10006BF143 /* NavStackView.swift in Sources */ = {isa = PBXBuildFile; fileRef = AC281E9A2A4DDE10006BF143 /* NavStackView.swift */; };
		AC31671029D1A68F0049293C /* Typealias.swift in Sources */ = {isa = PBXBuildFile; fileRef = AC31670F29D1A68F0049293C /* Typealias.swift */; };
		AC31671129D1A68F0049293C /* Typealias.swift in Sources */ = {isa = PBXBuildFile; fileRef = AC31670F29D1A68F0049293C /* Typealias.swift */; };
		AC406FE229E582BC0059EA08 /* SplitView.swift in Sources */ = {isa = PBXBuildFile; fileRef = AC406FE129E582BC0059EA08 /* SplitView.swift */; };
		AC406FE329E582BC0059EA08 /* SplitView.swift in Sources */ = {isa = PBXBuildFile; fileRef = AC406FE129E582BC0059EA08 /* SplitView.swift */; };
		AC4AFCA52A5ECA4A00149C51 /* View_Ext.swift in Sources */ = {isa = PBXBuildFile; fileRef = AC4AFCA42A5ECA4A00149C51 /* View_Ext.swift */; };
		AC4AFCA62A5ECA4A00149C51 /* View_Ext.swift in Sources */ = {isa = PBXBuildFile; fileRef = AC4AFCA42A5ECA4A00149C51 /* View_Ext.swift */; };
		AC5283812A75276800BB9B6B /* ObjectView.swift in Sources */ = {isa = PBXBuildFile; fileRef = AC5283802A75276800BB9B6B /* ObjectView.swift */; };
		AC5283822A75276800BB9B6B /* ObjectView.swift in Sources */ = {isa = PBXBuildFile; fileRef = AC5283802A75276800BB9B6B /* ObjectView.swift */; };
		AC5283842A75511800BB9B6B /* DBAccess.swift in Sources */ = {isa = PBXBuildFile; fileRef = AC5283832A75511800BB9B6B /* DBAccess.swift */; };
		AC5283852A75514200BB9B6B /* ItemCRUD.swift in Sources */ = {isa = PBXBuildFile; fileRef = ACC851F32A45D5CF001111FB /* ItemCRUD.swift */; };
		AC5283862A75515100BB9B6B /* Persistence.swift in Sources */ = {isa = PBXBuildFile; fileRef = ACBBA1E32834398A005293CC /* Persistence.swift */; };
		AC5283872A75519000BB9B6B /* Item+CoreDataClass.swift in Sources */ = {isa = PBXBuildFile; fileRef = AC8BF39E2A74AB1000AD6274 /* Item+CoreDataClass.swift */; };
		AC5283882A75519700BB9B6B /* Item+CoreDataProperties.swift in Sources */ = {isa = PBXBuildFile; fileRef = AC8BF39F2A74AB1000AD6274 /* Item+CoreDataProperties.swift */; };
		AC5283892A7551A700BB9B6B /* BaseCRUD.swift in Sources */ = {isa = PBXBuildFile; fileRef = ACC851F62A45D696001111FB /* BaseCRUD.swift */; };
		AC52838A2A7551BB00BB9B6B /* Item_Extension.swift in Sources */ = {isa = PBXBuildFile; fileRef = ACC851F82A45D9C9001111FB /* Item_Extension.swift */; };
		AC5E0FBB29AE488F00C127EE /* TabV.swift in Sources */ = {isa = PBXBuildFile; fileRef = AC5E0FBA29AE488F00C127EE /* TabV.swift */; };
		AC5E0FBC29AE488F00C127EE /* TabV.swift in Sources */ = {isa = PBXBuildFile; fileRef = AC5E0FBA29AE488F00C127EE /* TabV.swift */; };
		AC5E0FC829AFB60100C127EE /* TableView.swift in Sources */ = {isa = PBXBuildFile; fileRef = AC5E0FC729AFB60100C127EE /* TableView.swift */; };
		AC5E0FC929AFB60100C127EE /* TableView.swift in Sources */ = {isa = PBXBuildFile; fileRef = AC5E0FC729AFB60100C127EE /* TableView.swift */; };
		AC6D45B42A5C854B005ED430 /* CDNavigationView.swift in Sources */ = {isa = PBXBuildFile; fileRef = AC6D45B32A5C854B005ED430 /* CDNavigationView.swift */; };
		AC6D45B52A5C854B005ED430 /* CDNavigationView.swift in Sources */ = {isa = PBXBuildFile; fileRef = AC6D45B32A5C854B005ED430 /* CDNavigationView.swift */; };
		AC6D45B72A5C8566005ED430 /* CDNavigationView_ViewModel.swift in Sources */ = {isa = PBXBuildFile; fileRef = AC6D45B62A5C8566005ED430 /* CDNavigationView_ViewModel.swift */; };
		AC6D45B82A5C8566005ED430 /* CDNavigationView_ViewModel.swift in Sources */ = {isa = PBXBuildFile; fileRef = AC6D45B62A5C8566005ED430 /* CDNavigationView_ViewModel.swift */; };
		AC6D45BA2A5C8579005ED430 /* CDItemListView.swift in Sources */ = {isa = PBXBuildFile; fileRef = AC6D45B92A5C8579005ED430 /* CDItemListView.swift */; };
		AC6D45BB2A5C8579005ED430 /* CDItemListView.swift in Sources */ = {isa = PBXBuildFile; fileRef = AC6D45B92A5C8579005ED430 /* CDItemListView.swift */; };
		AC6D45BD2A5C8588005ED430 /* CDItemListView_ViewModel.swift in Sources */ = {isa = PBXBuildFile; fileRef = AC6D45BC2A5C8588005ED430 /* CDItemListView_ViewModel.swift */; };
		AC6D45BE2A5C8588005ED430 /* CDItemListView_ViewModel.swift in Sources */ = {isa = PBXBuildFile; fileRef = AC6D45BC2A5C8588005ED430 /* CDItemListView_ViewModel.swift */; };
		AC6D45C02A5C859C005ED430 /* CDItemDetailsView.swift in Sources */ = {isa = PBXBuildFile; fileRef = AC6D45BF2A5C859C005ED430 /* CDItemDetailsView.swift */; };
		AC6D45C12A5C859C005ED430 /* CDItemDetailsView.swift in Sources */ = {isa = PBXBuildFile; fileRef = AC6D45BF2A5C859C005ED430 /* CDItemDetailsView.swift */; };
		AC6D45C32A5C85A6005ED430 /* CDItemDetailsView_ViewModel.swift in Sources */ = {isa = PBXBuildFile; fileRef = AC6D45C22A5C85A6005ED430 /* CDItemDetailsView_ViewModel.swift */; };
		AC6D45C42A5C85A6005ED430 /* CDItemDetailsView_ViewModel.swift in Sources */ = {isa = PBXBuildFile; fileRef = AC6D45C22A5C85A6005ED430 /* CDItemDetailsView_ViewModel.swift */; };
		AC6D45C62A5C8FA6005ED430 /* TextInputView.swift in Sources */ = {isa = PBXBuildFile; fileRef = AC6D45C52A5C8FA6005ED430 /* TextInputView.swift */; };
		AC6D45C72A5C8FA6005ED430 /* TextInputView.swift in Sources */ = {isa = PBXBuildFile; fileRef = AC6D45C52A5C8FA6005ED430 /* TextInputView.swift */; };
		AC6D45C92A5C9045005ED430 /* TextInputView_ViewModel.swift in Sources */ = {isa = PBXBuildFile; fileRef = AC6D45C82A5C9045005ED430 /* TextInputView_ViewModel.swift */; };
		AC6D45CA2A5C9045005ED430 /* TextInputView_ViewModel.swift in Sources */ = {isa = PBXBuildFile; fileRef = AC6D45C82A5C9045005ED430 /* TextInputView_ViewModel.swift */; };
		AC7BBF9029B62A8C00E692F9 /* WeatherView.swift in Sources */ = {isa = PBXBuildFile; fileRef = AC7BBF8F29B62A8C00E692F9 /* WeatherView.swift */; };
		AC7BBF9129B62A8C00E692F9 /* WeatherView.swift in Sources */ = {isa = PBXBuildFile; fileRef = AC7BBF8F29B62A8C00E692F9 /* WeatherView.swift */; };
		AC7BBF9329B6332E00E692F9 /* ListWithNavigation.swift in Sources */ = {isa = PBXBuildFile; fileRef = AC7BBF9229B6332E00E692F9 /* ListWithNavigation.swift */; };
		AC7BBF9429B6332E00E692F9 /* ListWithNavigation.swift in Sources */ = {isa = PBXBuildFile; fileRef = AC7BBF9229B6332E00E692F9 /* ListWithNavigation.swift */; };
		AC8BF39C2A74512E00AD6274 /* ArrayTypesListView.swift in Sources */ = {isa = PBXBuildFile; fileRef = AC8BF39B2A74512E00AD6274 /* ArrayTypesListView.swift */; };
		AC8BF39D2A74512E00AD6274 /* ArrayTypesListView.swift in Sources */ = {isa = PBXBuildFile; fileRef = AC8BF39B2A74512E00AD6274 /* ArrayTypesListView.swift */; };
		AC8BF3A02A74AB1000AD6274 /* Item+CoreDataClass.swift in Sources */ = {isa = PBXBuildFile; fileRef = AC8BF39E2A74AB1000AD6274 /* Item+CoreDataClass.swift */; };
		AC8BF3A12A74AB1000AD6274 /* Item+CoreDataClass.swift in Sources */ = {isa = PBXBuildFile; fileRef = AC8BF39E2A74AB1000AD6274 /* Item+CoreDataClass.swift */; };
		AC8BF3A22A74AB1000AD6274 /* Item+CoreDataProperties.swift in Sources */ = {isa = PBXBuildFile; fileRef = AC8BF39F2A74AB1000AD6274 /* Item+CoreDataProperties.swift */; };
		AC8BF3A32A74AB1000AD6274 /* Item+CoreDataProperties.swift in Sources */ = {isa = PBXBuildFile; fileRef = AC8BF39F2A74AB1000AD6274 /* Item+CoreDataProperties.swift */; };
		AC9D8AEC2A5DAFBD00298FCC /* CDItemListModel.swift in Sources */ = {isa = PBXBuildFile; fileRef = AC9D8AEB2A5DAFBD00298FCC /* CDItemListModel.swift */; };
		AC9D8AED2A5DAFBD00298FCC /* CDItemListModel.swift in Sources */ = {isa = PBXBuildFile; fileRef = AC9D8AEB2A5DAFBD00298FCC /* CDItemListModel.swift */; };
		ACBBA1FB2834398C005293CC /* Tests_iOS.swift in Sources */ = {isa = PBXBuildFile; fileRef = ACBBA1FA2834398C005293CC /* Tests_iOS.swift */; };
		ACBBA1FD2834398C005293CC /* Tests_iOSLaunchTests.swift in Sources */ = {isa = PBXBuildFile; fileRef = ACBBA1FC2834398C005293CC /* Tests_iOSLaunchTests.swift */; };
		ACBBA2072834398C005293CC /* Tests_macOS.swift in Sources */ = {isa = PBXBuildFile; fileRef = ACBBA2062834398C005293CC /* Tests_macOS.swift */; };
		ACBBA2092834398C005293CC /* Tests_macOSLaunchTests.swift in Sources */ = {isa = PBXBuildFile; fileRef = ACBBA2082834398C005293CC /* Tests_macOSLaunchTests.swift */; };
		ACBBA20A2834398C005293CC /* Experimental.xcdatamodeld in Sources */ = {isa = PBXBuildFile; fileRef = ACBBA1DF2834398A005293CC /* Experimental.xcdatamodeld */; };
		ACBBA20B2834398C005293CC /* Experimental.xcdatamodeld in Sources */ = {isa = PBXBuildFile; fileRef = ACBBA1DF2834398A005293CC /* Experimental.xcdatamodeld */; };
		ACBBA20C2834398C005293CC /* ExperimentalApp.swift in Sources */ = {isa = PBXBuildFile; fileRef = ACBBA1E12834398A005293CC /* ExperimentalApp.swift */; };
		ACBBA20D2834398C005293CC /* ExperimentalApp.swift in Sources */ = {isa = PBXBuildFile; fileRef = ACBBA1E12834398A005293CC /* ExperimentalApp.swift */; };
		ACBBA20E2834398C005293CC /* ContentView.swift in Sources */ = {isa = PBXBuildFile; fileRef = ACBBA1E22834398A005293CC /* ContentView.swift */; };
		ACBBA20F2834398C005293CC /* ContentView.swift in Sources */ = {isa = PBXBuildFile; fileRef = ACBBA1E22834398A005293CC /* ContentView.swift */; };
		ACBBA2102834398C005293CC /* Persistence.swift in Sources */ = {isa = PBXBuildFile; fileRef = ACBBA1E32834398A005293CC /* Persistence.swift */; };
		ACBBA2122834398C005293CC /* Assets.xcassets in Resources */ = {isa = PBXBuildFile; fileRef = ACBBA1E42834398C005293CC /* Assets.xcassets */; };
		ACBBA2132834398C005293CC /* Assets.xcassets in Resources */ = {isa = PBXBuildFile; fileRef = ACBBA1E42834398C005293CC /* Assets.xcassets */; };
		ACC851F42A45D5CF001111FB /* ItemCRUD.swift in Sources */ = {isa = PBXBuildFile; fileRef = ACC851F32A45D5CF001111FB /* ItemCRUD.swift */; };
		ACC851F72A45D696001111FB /* BaseCRUD.swift in Sources */ = {isa = PBXBuildFile; fileRef = ACC851F62A45D696001111FB /* BaseCRUD.swift */; };
		ACC851F92A45D9C9001111FB /* Item_Extension.swift in Sources */ = {isa = PBXBuildFile; fileRef = ACC851F82A45D9C9001111FB /* Item_Extension.swift */; };
		ACDD29AA2834433900AD1B4A /* DragImageV.swift in Sources */ = {isa = PBXBuildFile; fileRef = ACDD29A92834433900AD1B4A /* DragImageV.swift */; };
		ACDD29AB2834433900AD1B4A /* DragImageV.swift in Sources */ = {isa = PBXBuildFile; fileRef = ACDD29A92834433900AD1B4A /* DragImageV.swift */; };
		ACFFDF132A75D762009265B8 /* DashboardView.swift in Sources */ = {isa = PBXBuildFile; fileRef = ACFFDF122A75D762009265B8 /* DashboardView.swift */; };
		ACFFDF142A75D762009265B8 /* DashboardView.swift in Sources */ = {isa = PBXBuildFile; fileRef = ACFFDF122A75D762009265B8 /* DashboardView.swift */; };
/* End PBXBuildFile section */

/* Begin PBXContainerItemProxy section */
		ACBBA1F72834398C005293CC /* PBXContainerItemProxy */ = {
			isa = PBXContainerItemProxy;
			containerPortal = ACBBA1DA2834398A005293CC /* Project object */;
			proxyType = 1;
			remoteGlobalIDString = ACBBA1E82834398C005293CC;
			remoteInfo = "Experimental (iOS)";
		};
		ACBBA2032834398C005293CC /* PBXContainerItemProxy */ = {
			isa = PBXContainerItemProxy;
			containerPortal = ACBBA1DA2834398A005293CC /* Project object */;
			proxyType = 1;
			remoteGlobalIDString = ACBBA1EE2834398C005293CC;
			remoteInfo = "Experimental (macOS)";
		};
/* End PBXContainerItemProxy section */

/* Begin PBXFileReference section */
		AC0CFE312A6012DA0061EEF3 /* TypesListView.swift */ = {isa = PBXFileReference; lastKnownFileType = sourcecode.swift; path = TypesListView.swift; sourceTree = "<group>"; };
		AC13823128343C9F00EFC203 /* SwipeV.swift */ = {isa = PBXFileReference; lastKnownFileType = sourcecode.swift; path = SwipeV.swift; sourceTree = "<group>"; };
		AC1CB4A329B22823009DBE25 /* ExpandableV.swift */ = {isa = PBXFileReference; lastKnownFileType = sourcecode.swift; path = ExpandableV.swift; sourceTree = "<group>"; };
		AC281E9A2A4DDE10006BF143 /* NavStackView.swift */ = {isa = PBXFileReference; lastKnownFileType = sourcecode.swift; path = NavStackView.swift; sourceTree = "<group>"; };
		AC31670F29D1A68F0049293C /* Typealias.swift */ = {isa = PBXFileReference; fileEncoding = 4; lastKnownFileType = sourcecode.swift; path = Typealias.swift; sourceTree = "<group>"; };
		AC406FE129E582BC0059EA08 /* SplitView.swift */ = {isa = PBXFileReference; lastKnownFileType = sourcecode.swift; path = SplitView.swift; sourceTree = "<group>"; };
		AC4AFCA42A5ECA4A00149C51 /* View_Ext.swift */ = {isa = PBXFileReference; lastKnownFileType = sourcecode.swift; path = View_Ext.swift; sourceTree = "<group>"; };
		AC5283802A75276800BB9B6B /* ObjectView.swift */ = {isa = PBXFileReference; lastKnownFileType = sourcecode.swift; path = ObjectView.swift; sourceTree = "<group>"; };
		AC5283832A75511800BB9B6B /* DBAccess.swift */ = {isa = PBXFileReference; lastKnownFileType = sourcecode.swift; path = DBAccess.swift; sourceTree = "<group>"; };
		AC5E0FBA29AE488F00C127EE /* TabV.swift */ = {isa = PBXFileReference; fileEncoding = 4; lastKnownFileType = sourcecode.swift; path = TabV.swift; sourceTree = "<group>"; };
		AC5E0FC729AFB60100C127EE /* TableView.swift */ = {isa = PBXFileReference; lastKnownFileType = sourcecode.swift; path = TableView.swift; sourceTree = "<group>"; };
		AC6D45B32A5C854B005ED430 /* CDNavigationView.swift */ = {isa = PBXFileReference; fileEncoding = 4; lastKnownFileType = sourcecode.swift; name = CDNavigationView.swift; path = Shared/RecursiveCD/CDNavigationView.swift; sourceTree = SOURCE_ROOT; };
		AC6D45B62A5C8566005ED430 /* CDNavigationView_ViewModel.swift */ = {isa = PBXFileReference; fileEncoding = 4; lastKnownFileType = sourcecode.swift; path = CDNavigationView_ViewModel.swift; sourceTree = "<group>"; };
		AC6D45B92A5C8579005ED430 /* CDItemListView.swift */ = {isa = PBXFileReference; fileEncoding = 4; lastKnownFileType = sourcecode.swift; path = CDItemListView.swift; sourceTree = "<group>"; };
		AC6D45BC2A5C8588005ED430 /* CDItemListView_ViewModel.swift */ = {isa = PBXFileReference; fileEncoding = 4; lastKnownFileType = sourcecode.swift; path = CDItemListView_ViewModel.swift; sourceTree = "<group>"; };
		AC6D45BF2A5C859C005ED430 /* CDItemDetailsView.swift */ = {isa = PBXFileReference; fileEncoding = 4; lastKnownFileType = sourcecode.swift; path = CDItemDetailsView.swift; sourceTree = "<group>"; };
		AC6D45C22A5C85A6005ED430 /* CDItemDetailsView_ViewModel.swift */ = {isa = PBXFileReference; fileEncoding = 4; lastKnownFileType = sourcecode.swift; path = CDItemDetailsView_ViewModel.swift; sourceTree = "<group>"; };
		AC6D45C52A5C8FA6005ED430 /* TextInputView.swift */ = {isa = PBXFileReference; lastKnownFileType = sourcecode.swift; path = TextInputView.swift; sourceTree = "<group>"; };
		AC6D45C82A5C9045005ED430 /* TextInputView_ViewModel.swift */ = {isa = PBXFileReference; lastKnownFileType = sourcecode.swift; path = TextInputView_ViewModel.swift; sourceTree = "<group>"; };
		AC7BBF8F29B62A8C00E692F9 /* WeatherView.swift */ = {isa = PBXFileReference; lastKnownFileType = sourcecode.swift; path = WeatherView.swift; sourceTree = "<group>"; };
		AC7BBF9229B6332E00E692F9 /* ListWithNavigation.swift */ = {isa = PBXFileReference; lastKnownFileType = sourcecode.swift; path = ListWithNavigation.swift; sourceTree = "<group>"; };
		AC8BF39B2A74512E00AD6274 /* ArrayTypesListView.swift */ = {isa = PBXFileReference; lastKnownFileType = sourcecode.swift; path = ArrayTypesListView.swift; sourceTree = "<group>"; };
		AC8BF39E2A74AB1000AD6274 /* Item+CoreDataClass.swift */ = {isa = PBXFileReference; lastKnownFileType = sourcecode.swift; path = "Item+CoreDataClass.swift"; sourceTree = "<group>"; };
		AC8BF39F2A74AB1000AD6274 /* Item+CoreDataProperties.swift */ = {isa = PBXFileReference; lastKnownFileType = sourcecode.swift; path = "Item+CoreDataProperties.swift"; sourceTree = "<group>"; };
		AC9D8AEB2A5DAFBD00298FCC /* CDItemListModel.swift */ = {isa = PBXFileReference; lastKnownFileType = sourcecode.swift; path = CDItemListModel.swift; sourceTree = "<group>"; };
		ACBBA1E02834398A005293CC /* Shared.xcdatamodel */ = {isa = PBXFileReference; lastKnownFileType = wrapper.xcdatamodel; path = Shared.xcdatamodel; sourceTree = "<group>"; };
		ACBBA1E12834398A005293CC /* ExperimentalApp.swift */ = {isa = PBXFileReference; lastKnownFileType = sourcecode.swift; path = ExperimentalApp.swift; sourceTree = "<group>"; };
		ACBBA1E22834398A005293CC /* ContentView.swift */ = {isa = PBXFileReference; lastKnownFileType = sourcecode.swift; path = ContentView.swift; sourceTree = "<group>"; };
		ACBBA1E32834398A005293CC /* Persistence.swift */ = {isa = PBXFileReference; lastKnownFileType = sourcecode.swift; path = Persistence.swift; sourceTree = "<group>"; };
		ACBBA1E42834398C005293CC /* Assets.xcassets */ = {isa = PBXFileReference; lastKnownFileType = folder.assetcatalog; path = Assets.xcassets; sourceTree = "<group>"; };
		ACBBA1E92834398C005293CC /* Experimental.app */ = {isa = PBXFileReference; explicitFileType = wrapper.application; includeInIndex = 0; path = Experimental.app; sourceTree = BUILT_PRODUCTS_DIR; };
		ACBBA1EF2834398C005293CC /* Experimental.app */ = {isa = PBXFileReference; explicitFileType = wrapper.application; includeInIndex = 0; path = Experimental.app; sourceTree = BUILT_PRODUCTS_DIR; };
		ACBBA1F12834398C005293CC /* macOS.entitlements */ = {isa = PBXFileReference; lastKnownFileType = text.plist.entitlements; path = macOS.entitlements; sourceTree = "<group>"; };
		ACBBA1F62834398C005293CC /* Tests iOS.xctest */ = {isa = PBXFileReference; explicitFileType = wrapper.cfbundle; includeInIndex = 0; path = "Tests iOS.xctest"; sourceTree = BUILT_PRODUCTS_DIR; };
		ACBBA1FA2834398C005293CC /* Tests_iOS.swift */ = {isa = PBXFileReference; lastKnownFileType = sourcecode.swift; path = Tests_iOS.swift; sourceTree = "<group>"; };
		ACBBA1FC2834398C005293CC /* Tests_iOSLaunchTests.swift */ = {isa = PBXFileReference; lastKnownFileType = sourcecode.swift; path = Tests_iOSLaunchTests.swift; sourceTree = "<group>"; };
		ACBBA2022834398C005293CC /* Tests macOS.xctest */ = {isa = PBXFileReference; explicitFileType = wrapper.cfbundle; includeInIndex = 0; path = "Tests macOS.xctest"; sourceTree = BUILT_PRODUCTS_DIR; };
		ACBBA2062834398C005293CC /* Tests_macOS.swift */ = {isa = PBXFileReference; lastKnownFileType = sourcecode.swift; path = Tests_macOS.swift; sourceTree = "<group>"; };
		ACBBA2082834398C005293CC /* Tests_macOSLaunchTests.swift */ = {isa = PBXFileReference; lastKnownFileType = sourcecode.swift; path = Tests_macOSLaunchTests.swift; sourceTree = "<group>"; };
		ACC851F32A45D5CF001111FB /* ItemCRUD.swift */ = {isa = PBXFileReference; lastKnownFileType = sourcecode.swift; path = ItemCRUD.swift; sourceTree = "<group>"; };
		ACC851F62A45D696001111FB /* BaseCRUD.swift */ = {isa = PBXFileReference; lastKnownFileType = sourcecode.swift; path = BaseCRUD.swift; sourceTree = "<group>"; };
		ACC851F82A45D9C9001111FB /* Item_Extension.swift */ = {isa = PBXFileReference; lastKnownFileType = sourcecode.swift; path = Item_Extension.swift; sourceTree = "<group>"; };
		ACDD29A92834433900AD1B4A /* DragImageV.swift */ = {isa = PBXFileReference; lastKnownFileType = sourcecode.swift; path = DragImageV.swift; sourceTree = "<group>"; };
		ACFFDF122A75D762009265B8 /* DashboardView.swift */ = {isa = PBXFileReference; lastKnownFileType = sourcecode.swift; path = DashboardView.swift; sourceTree = "<group>"; };
/* End PBXFileReference section */

/* Begin PBXFrameworksBuildPhase section */
		ACBBA1E62834398C005293CC /* Frameworks */ = {
			isa = PBXFrameworksBuildPhase;
			buildActionMask = 2147483647;
			files = (
			);
			runOnlyForDeploymentPostprocessing = 0;
		};
		ACBBA1EC2834398C005293CC /* Frameworks */ = {
			isa = PBXFrameworksBuildPhase;
			buildActionMask = 2147483647;
			files = (
			);
			runOnlyForDeploymentPostprocessing = 0;
		};
		ACBBA1F32834398C005293CC /* Frameworks */ = {
			isa = PBXFrameworksBuildPhase;
			buildActionMask = 2147483647;
			files = (
			);
			runOnlyForDeploymentPostprocessing = 0;
		};
		ACBBA1FF2834398C005293CC /* Frameworks */ = {
			isa = PBXFrameworksBuildPhase;
			buildActionMask = 2147483647;
			files = (
			);
			runOnlyForDeploymentPostprocessing = 0;
		};
/* End PBXFrameworksBuildPhase section */

/* Begin PBXGroup section */
		AC256F9D2A4C41AC00AE5110 /* RecursiveCD */ = {
			isa = PBXGroup;
			children = (
				ACFFDF122A75D762009265B8 /* DashboardView.swift */,
				AC6D45B32A5C854B005ED430 /* CDNavigationView.swift */,
				AC6D45B62A5C8566005ED430 /* CDNavigationView_ViewModel.swift */,
				AC9D8AEB2A5DAFBD00298FCC /* CDItemListModel.swift */,
				AC6D45BC2A5C8588005ED430 /* CDItemListView_ViewModel.swift */,
				AC6D45B92A5C8579005ED430 /* CDItemListView.swift */,
				AC6D45BF2A5C859C005ED430 /* CDItemDetailsView.swift */,
				AC6D45C22A5C85A6005ED430 /* CDItemDetailsView_ViewModel.swift */,
				AC6D45C52A5C8FA6005ED430 /* TextInputView.swift */,
				AC6D45C82A5C9045005ED430 /* TextInputView_ViewModel.swift */,
				AC0CFE312A6012DA0061EEF3 /* TypesListView.swift */,
				AC8BF39B2A74512E00AD6274 /* ArrayTypesListView.swift */,
				AC5283802A75276800BB9B6B /* ObjectView.swift */,
			);
			path = RecursiveCD;
			sourceTree = "<group>";
		};
		AC256FA12A4C470400AE5110 /* Views */ = {
			isa = PBXGroup;
			children = (
				ACBBA1E22834398A005293CC /* ContentView.swift */,
				AC5E0FBA29AE488F00C127EE /* TabV.swift */,
				AC406FE129E582BC0059EA08 /* SplitView.swift */,
				AC13823128343C9F00EFC203 /* SwipeV.swift */,
				AC1CB4A329B22823009DBE25 /* ExpandableV.swift */,
				AC7BBF9229B6332E00E692F9 /* ListWithNavigation.swift */,
				ACDD29A92834433900AD1B4A /* DragImageV.swift */,
				AC5E0FC729AFB60100C127EE /* TableView.swift */,
				AC7BBF8F29B62A8C00E692F9 /* WeatherView.swift */,
				AC281E9A2A4DDE10006BF143 /* NavStackView.swift */,
			);
			path = Views;
			sourceTree = "<group>";
		};
		AC31671229D1A69E0049293C /* Library */ = {
			isa = PBXGroup;
			children = (
				AC4AFCA42A5ECA4A00149C51 /* View_Ext.swift */,
				AC31670F29D1A68F0049293C /* Typealias.swift */,
			);
			path = Library;
			sourceTree = "<group>";
		};
		ACBBA1D92834398A005293CC = {
			isa = PBXGroup;
			children = (
				ACBBA1DE2834398A005293CC /* Shared */,
				ACBBA1F02834398C005293CC /* macOS */,
				ACBBA1F92834398C005293CC /* Tests iOS */,
				ACBBA2052834398C005293CC /* Tests macOS */,
				ACBBA1EA2834398C005293CC /* Products */,
			);
			sourceTree = "<group>";
		};
		ACBBA1DE2834398A005293CC /* Shared */ = {
			isa = PBXGroup;
			children = (
				ACBBA1E12834398A005293CC /* ExperimentalApp.swift */,
				AC256FA12A4C470400AE5110 /* Views */,
				AC31671229D1A69E0049293C /* Library */,
				ACC851EE2A45D369001111FB /* CoreData */,
				ACC851F52A45D5D9001111FB /* CRUDs */,
				AC256F9D2A4C41AC00AE5110 /* RecursiveCD */,
				ACBBA1E42834398C005293CC /* Assets.xcassets */,
			);
			path = Shared;
			sourceTree = "<group>";
		};
		ACBBA1EA2834398C005293CC /* Products */ = {
			isa = PBXGroup;
			children = (
				ACBBA1E92834398C005293CC /* Experimental.app */,
				ACBBA1EF2834398C005293CC /* Experimental.app */,
				ACBBA1F62834398C005293CC /* Tests iOS.xctest */,
				ACBBA2022834398C005293CC /* Tests macOS.xctest */,
			);
			name = Products;
			sourceTree = "<group>";
		};
		ACBBA1F02834398C005293CC /* macOS */ = {
			isa = PBXGroup;
			children = (
				ACBBA1F12834398C005293CC /* macOS.entitlements */,
			);
			path = macOS;
			sourceTree = "<group>";
		};
		ACBBA1F92834398C005293CC /* Tests iOS */ = {
			isa = PBXGroup;
			children = (
				ACBBA1FA2834398C005293CC /* Tests_iOS.swift */,
				AC5283832A75511800BB9B6B /* DBAccess.swift */,
				ACBBA1FC2834398C005293CC /* Tests_iOSLaunchTests.swift */,
			);
			path = "Tests iOS";
			sourceTree = "<group>";
		};
		ACBBA2052834398C005293CC /* Tests macOS */ = {
			isa = PBXGroup;
			children = (
				ACBBA2062834398C005293CC /* Tests_macOS.swift */,
				ACBBA2082834398C005293CC /* Tests_macOSLaunchTests.swift */,
			);
			path = "Tests macOS";
			sourceTree = "<group>";
		};
		ACC851EE2A45D369001111FB /* CoreData */ = {
			isa = PBXGroup;
			children = (
				AC8BF39E2A74AB1000AD6274 /* Item+CoreDataClass.swift */,
				AC8BF39F2A74AB1000AD6274 /* Item+CoreDataProperties.swift */,
				ACBBA1DF2834398A005293CC /* Experimental.xcdatamodeld */,
				ACBBA1E32834398A005293CC /* Persistence.swift */,
				ACC851F82A45D9C9001111FB /* Item_Extension.swift */,
			);
			path = CoreData;
			sourceTree = "<group>";
		};
		ACC851F52A45D5D9001111FB /* CRUDs */ = {
			isa = PBXGroup;
			children = (
				ACC851F62A45D696001111FB /* BaseCRUD.swift */,
				ACC851F32A45D5CF001111FB /* ItemCRUD.swift */,
			);
			path = CRUDs;
			sourceTree = "<group>";
		};
/* End PBXGroup section */

/* Begin PBXNativeTarget section */
		ACBBA1E82834398C005293CC /* Experimental (iOS) */ = {
			isa = PBXNativeTarget;
			buildConfigurationList = ACBBA2162834398C005293CC /* Build configuration list for PBXNativeTarget "Experimental (iOS)" */;
			buildPhases = (
				ACBBA1E52834398C005293CC /* Sources */,
				ACBBA1E62834398C005293CC /* Frameworks */,
				ACBBA1E72834398C005293CC /* Resources */,
			);
			buildRules = (
			);
			dependencies = (
			);
			name = "Experimental (iOS)";
			productName = "Experimental (iOS)";
			productReference = ACBBA1E92834398C005293CC /* Experimental.app */;
			productType = "com.apple.product-type.application";
		};
		ACBBA1EE2834398C005293CC /* Experimental (macOS) */ = {
			isa = PBXNativeTarget;
			buildConfigurationList = ACBBA2192834398C005293CC /* Build configuration list for PBXNativeTarget "Experimental (macOS)" */;
			buildPhases = (
				ACBBA1EB2834398C005293CC /* Sources */,
				ACBBA1EC2834398C005293CC /* Frameworks */,
				ACBBA1ED2834398C005293CC /* Resources */,
			);
			buildRules = (
			);
			dependencies = (
			);
			name = "Experimental (macOS)";
			productName = "Experimental (macOS)";
			productReference = ACBBA1EF2834398C005293CC /* Experimental.app */;
			productType = "com.apple.product-type.application";
		};
		ACBBA1F52834398C005293CC /* Tests iOS */ = {
			isa = PBXNativeTarget;
			buildConfigurationList = ACBBA21C2834398C005293CC /* Build configuration list for PBXNativeTarget "Tests iOS" */;
			buildPhases = (
				ACBBA1F22834398C005293CC /* Sources */,
				ACBBA1F32834398C005293CC /* Frameworks */,
				ACBBA1F42834398C005293CC /* Resources */,
			);
			buildRules = (
			);
			dependencies = (
				ACBBA1F82834398C005293CC /* PBXTargetDependency */,
			);
			name = "Tests iOS";
			productName = "Tests iOS";
			productReference = ACBBA1F62834398C005293CC /* Tests iOS.xctest */;
			productType = "com.apple.product-type.bundle.ui-testing";
		};
		ACBBA2012834398C005293CC /* Tests macOS */ = {
			isa = PBXNativeTarget;
			buildConfigurationList = ACBBA21F2834398C005293CC /* Build configuration list for PBXNativeTarget "Tests macOS" */;
			buildPhases = (
				ACBBA1FE2834398C005293CC /* Sources */,
				ACBBA1FF2834398C005293CC /* Frameworks */,
				ACBBA2002834398C005293CC /* Resources */,
			);
			buildRules = (
			);
			dependencies = (
				ACBBA2042834398C005293CC /* PBXTargetDependency */,
			);
			name = "Tests macOS";
			productName = "Tests macOS";
			productReference = ACBBA2022834398C005293CC /* Tests macOS.xctest */;
			productType = "com.apple.product-type.bundle.ui-testing";
		};
/* End PBXNativeTarget section */

/* Begin PBXProject section */
		ACBBA1DA2834398A005293CC /* Project object */ = {
			isa = PBXProject;
			attributes = {
				BuildIndependentTargetsInParallel = 1;
				LastSwiftUpdateCheck = 1330;
				LastUpgradeCheck = 1420;
				TargetAttributes = {
					ACBBA1E82834398C005293CC = {
						CreatedOnToolsVersion = 13.3.1;
					};
					ACBBA1EE2834398C005293CC = {
						CreatedOnToolsVersion = 13.3.1;
					};
					ACBBA1F52834398C005293CC = {
						CreatedOnToolsVersion = 13.3.1;
						TestTargetID = ACBBA1E82834398C005293CC;
					};
					ACBBA2012834398C005293CC = {
						CreatedOnToolsVersion = 13.3.1;
						TestTargetID = ACBBA1EE2834398C005293CC;
					};
				};
			};
			buildConfigurationList = ACBBA1DD2834398A005293CC /* Build configuration list for PBXProject "Experimental" */;
			compatibilityVersion = "Xcode 13.0";
			developmentRegion = en;
			hasScannedForEncodings = 0;
			knownRegions = (
				en,
				Base,
			);
			mainGroup = ACBBA1D92834398A005293CC;
			productRefGroup = ACBBA1EA2834398C005293CC /* Products */;
			projectDirPath = "";
			projectRoot = "";
			targets = (
				ACBBA1E82834398C005293CC /* Experimental (iOS) */,
				ACBBA1EE2834398C005293CC /* Experimental (macOS) */,
				ACBBA1F52834398C005293CC /* Tests iOS */,
				ACBBA2012834398C005293CC /* Tests macOS */,
			);
		};
/* End PBXProject section */

/* Begin PBXResourcesBuildPhase section */
		ACBBA1E72834398C005293CC /* Resources */ = {
			isa = PBXResourcesBuildPhase;
			buildActionMask = 2147483647;
			files = (
				ACBBA2122834398C005293CC /* Assets.xcassets in Resources */,
			);
			runOnlyForDeploymentPostprocessing = 0;
		};
		ACBBA1ED2834398C005293CC /* Resources */ = {
			isa = PBXResourcesBuildPhase;
			buildActionMask = 2147483647;
			files = (
				ACBBA2132834398C005293CC /* Assets.xcassets in Resources */,
			);
			runOnlyForDeploymentPostprocessing = 0;
		};
		ACBBA1F42834398C005293CC /* Resources */ = {
			isa = PBXResourcesBuildPhase;
			buildActionMask = 2147483647;
			files = (
			);
			runOnlyForDeploymentPostprocessing = 0;
		};
		ACBBA2002834398C005293CC /* Resources */ = {
			isa = PBXResourcesBuildPhase;
			buildActionMask = 2147483647;
			files = (
			);
			runOnlyForDeploymentPostprocessing = 0;
		};
/* End PBXResourcesBuildPhase section */

/* Begin PBXSourcesBuildPhase section */
		ACBBA1E52834398C005293CC /* Sources */ = {
			isa = PBXSourcesBuildPhase;
			buildActionMask = 2147483647;
			files = (
				AC6D45BD2A5C8588005ED430 /* CDItemListView_ViewModel.swift in Sources */,
				AC6D45B72A5C8566005ED430 /* CDNavigationView_ViewModel.swift in Sources */,
				AC281E9B2A4DDE10006BF143 /* NavStackView.swift in Sources */,
				AC8BF3A02A74AB1000AD6274 /* Item+CoreDataClass.swift in Sources */,
				ACC851F72A45D696001111FB /* BaseCRUD.swift in Sources */,
				AC9D8AEC2A5DAFBD00298FCC /* CDItemListModel.swift in Sources */,
				AC0CFE322A6012DA0061EEF3 /* TypesListView.swift in Sources */,
				ACBBA20A2834398C005293CC /* Experimental.xcdatamodeld in Sources */,
				ACC851F42A45D5CF001111FB /* ItemCRUD.swift in Sources */,
				AC6D45C92A5C9045005ED430 /* TextInputView_ViewModel.swift in Sources */,
				ACDD29AA2834433900AD1B4A /* DragImageV.swift in Sources */,
				ACBBA2102834398C005293CC /* Persistence.swift in Sources */,
				AC5E0FBB29AE488F00C127EE /* TabV.swift in Sources */,
				AC406FE229E582BC0059EA08 /* SplitView.swift in Sources */,
				ACC851F92A45D9C9001111FB /* Item_Extension.swift in Sources */,
				AC6D45C62A5C8FA6005ED430 /* TextInputView.swift in Sources */,
				AC6D45C02A5C859C005ED430 /* CDItemDetailsView.swift in Sources */,
				AC5283812A75276800BB9B6B /* ObjectView.swift in Sources */,
				AC31671029D1A68F0049293C /* Typealias.swift in Sources */,
				AC13823228343C9F00EFC203 /* SwipeV.swift in Sources */,
				AC6D45C32A5C85A6005ED430 /* CDItemDetailsView_ViewModel.swift in Sources */,
				AC7BBF9329B6332E00E692F9 /* ListWithNavigation.swift in Sources */,
				AC7BBF9029B62A8C00E692F9 /* WeatherView.swift in Sources */,
				AC6D45BA2A5C8579005ED430 /* CDItemListView.swift in Sources */,
				AC1CB4A429B22823009DBE25 /* ExpandableV.swift in Sources */,
				AC4AFCA62A5ECA4A00149C51 /* View_Ext.swift in Sources */,
				AC6D45B42A5C854B005ED430 /* CDNavigationView.swift in Sources */,
				AC8BF3A22A74AB1000AD6274 /* Item+CoreDataProperties.swift in Sources */,
				ACFFDF132A75D762009265B8 /* DashboardView.swift in Sources */,
				AC5E0FC829AFB60100C127EE /* TableView.swift in Sources */,
				ACBBA20C2834398C005293CC /* ExperimentalApp.swift in Sources */,
				ACBBA20E2834398C005293CC /* ContentView.swift in Sources */,
				AC8BF39C2A74512E00AD6274 /* ArrayTypesListView.swift in Sources */,
			);
			runOnlyForDeploymentPostprocessing = 0;
		};
		ACBBA1EB2834398C005293CC /* Sources */ = {
			isa = PBXSourcesBuildPhase;
			buildActionMask = 2147483647;
			files = (
				AC4AFCA52A5ECA4A00149C51 /* View_Ext.swift in Sources */,
				AC6D45BE2A5C8588005ED430 /* CDItemListView_ViewModel.swift in Sources */,
				AC6D45C42A5C85A6005ED430 /* CDItemDetailsView_ViewModel.swift in Sources */,
				ACBBA20B2834398C005293CC /* Experimental.xcdatamodeld in Sources */,
				AC6D45CA2A5C9045005ED430 /* TextInputView_ViewModel.swift in Sources */,
				ACDD29AB2834433900AD1B4A /* DragImageV.swift in Sources */,
				AC5E0FBC29AE488F00C127EE /* TabV.swift in Sources */,
				AC6D45BB2A5C8579005ED430 /* CDItemListView.swift in Sources */,
				AC406FE329E582BC0059EA08 /* SplitView.swift in Sources */,
				AC31671129D1A68F0049293C /* Typealias.swift in Sources */,
				AC13823328343C9F00EFC203 /* SwipeV.swift in Sources */,
				AC7BBF9429B6332E00E692F9 /* ListWithNavigation.swift in Sources */,
				AC7BBF9129B62A8C00E692F9 /* WeatherView.swift in Sources */,
				AC6D45B82A5C8566005ED430 /* CDNavigationView_ViewModel.swift in Sources */,
				AC8BF3A12A74AB1000AD6274 /* Item+CoreDataClass.swift in Sources */,
				AC281E9C2A4DDE10006BF143 /* NavStackView.swift in Sources */,
				AC0CFE332A6012DA0061EEF3 /* TypesListView.swift in Sources */,
				AC1CB4A529B22823009DBE25 /* ExpandableV.swift in Sources */,
				AC6D45C72A5C8FA6005ED430 /* TextInputView.swift in Sources */,
				AC6D45B52A5C854B005ED430 /* CDNavigationView.swift in Sources */,
				AC9D8AED2A5DAFBD00298FCC /* CDItemListModel.swift in Sources */,
				AC5283822A75276800BB9B6B /* ObjectView.swift in Sources */,
				AC5E0FC929AFB60100C127EE /* TableView.swift in Sources */,
				AC8BF3A32A74AB1000AD6274 /* Item+CoreDataProperties.swift in Sources */,
				ACBBA20D2834398C005293CC /* ExperimentalApp.swift in Sources */,
				ACFFDF142A75D762009265B8 /* DashboardView.swift in Sources */,
				AC6D45C12A5C859C005ED430 /* CDItemDetailsView.swift in Sources */,
				ACBBA20F2834398C005293CC /* ContentView.swift in Sources */,
				AC8BF39D2A74512E00AD6274 /* ArrayTypesListView.swift in Sources */,
			);
			runOnlyForDeploymentPostprocessing = 0;
		};
		ACBBA1F22834398C005293CC /* Sources */ = {
			isa = PBXSourcesBuildPhase;
			buildActionMask = 2147483647;
			files = (
				AC5283882A75519700BB9B6B /* Item+CoreDataProperties.swift in Sources */,
				AC5283872A75519000BB9B6B /* Item+CoreDataClass.swift in Sources */,
				AC5283892A7551A700BB9B6B /* BaseCRUD.swift in Sources */,
				ACBBA1FD2834398C005293CC /* Tests_iOSLaunchTests.swift in Sources */,
				AC52838A2A7551BB00BB9B6B /* Item_Extension.swift in Sources */,
				ACBBA1FB2834398C005293CC /* Tests_iOS.swift in Sources */,
				AC5283852A75514200BB9B6B /* ItemCRUD.swift in Sources */,
				AC5283842A75511800BB9B6B /* DBAccess.swift in Sources */,
				AC5283862A75515100BB9B6B /* Persistence.swift in Sources */,
			);
			runOnlyForDeploymentPostprocessing = 0;
		};
		ACBBA1FE2834398C005293CC /* Sources */ = {
			isa = PBXSourcesBuildPhase;
			buildActionMask = 2147483647;
			files = (
				ACBBA2092834398C005293CC /* Tests_macOSLaunchTests.swift in Sources */,
				ACBBA2072834398C005293CC /* Tests_macOS.swift in Sources */,
			);
			runOnlyForDeploymentPostprocessing = 0;
		};
/* End PBXSourcesBuildPhase section */

/* Begin PBXTargetDependency section */
		ACBBA1F82834398C005293CC /* PBXTargetDependency */ = {
			isa = PBXTargetDependency;
			target = ACBBA1E82834398C005293CC /* Experimental (iOS) */;
			targetProxy = ACBBA1F72834398C005293CC /* PBXContainerItemProxy */;
		};
		ACBBA2042834398C005293CC /* PBXTargetDependency */ = {
			isa = PBXTargetDependency;
			target = ACBBA1EE2834398C005293CC /* Experimental (macOS) */;
			targetProxy = ACBBA2032834398C005293CC /* PBXContainerItemProxy */;
		};
/* End PBXTargetDependency section */

/* Begin XCBuildConfiguration section */
		ACBBA2142834398C005293CC /* Debug */ = {
			isa = XCBuildConfiguration;
			buildSettings = {
				ALWAYS_SEARCH_USER_PATHS = NO;
				ASSETCATALOG_COMPILER_GLOBAL_ACCENT_COLOR_NAME = AccentColor;
				CLANG_ANALYZER_NONNULL = YES;
				CLANG_ANALYZER_NUMBER_OBJECT_CONVERSION = YES_AGGRESSIVE;
				CLANG_CXX_LANGUAGE_STANDARD = "gnu++17";
				CLANG_ENABLE_MODULES = YES;
				CLANG_ENABLE_OBJC_ARC = YES;
				CLANG_ENABLE_OBJC_WEAK = YES;
				CLANG_WARN_BLOCK_CAPTURE_AUTORELEASING = YES;
				CLANG_WARN_BOOL_CONVERSION = YES;
				CLANG_WARN_COMMA = YES;
				CLANG_WARN_CONSTANT_CONVERSION = YES;
				CLANG_WARN_DEPRECATED_OBJC_IMPLEMENTATIONS = YES;
				CLANG_WARN_DIRECT_OBJC_ISA_USAGE = YES_ERROR;
				CLANG_WARN_DOCUMENTATION_COMMENTS = YES;
				CLANG_WARN_EMPTY_BODY = YES;
				CLANG_WARN_ENUM_CONVERSION = YES;
				CLANG_WARN_INFINITE_RECURSION = YES;
				CLANG_WARN_INT_CONVERSION = YES;
				CLANG_WARN_NON_LITERAL_NULL_CONVERSION = YES;
				CLANG_WARN_OBJC_IMPLICIT_RETAIN_SELF = YES;
				CLANG_WARN_OBJC_LITERAL_CONVERSION = YES;
				CLANG_WARN_OBJC_ROOT_CLASS = YES_ERROR;
				CLANG_WARN_QUOTED_INCLUDE_IN_FRAMEWORK_HEADER = YES;
				CLANG_WARN_RANGE_LOOP_ANALYSIS = YES;
				CLANG_WARN_STRICT_PROTOTYPES = YES;
				CLANG_WARN_SUSPICIOUS_MOVE = YES;
				CLANG_WARN_UNGUARDED_AVAILABILITY = YES_AGGRESSIVE;
				CLANG_WARN_UNREACHABLE_CODE = YES;
				CLANG_WARN__DUPLICATE_METHOD_MATCH = YES;
				COPY_PHASE_STRIP = NO;
				DEAD_CODE_STRIPPING = YES;
				DEBUG_INFORMATION_FORMAT = dwarf;
				ENABLE_STRICT_OBJC_MSGSEND = YES;
				ENABLE_TESTABILITY = YES;
				GCC_C_LANGUAGE_STANDARD = gnu11;
				GCC_DYNAMIC_NO_PIC = NO;
				GCC_NO_COMMON_BLOCKS = YES;
				GCC_OPTIMIZATION_LEVEL = 0;
				GCC_PREPROCESSOR_DEFINITIONS = (
					"DEBUG=1",
					"$(inherited)",
				);
				GCC_WARN_64_TO_32_BIT_CONVERSION = YES;
				GCC_WARN_ABOUT_RETURN_TYPE = YES_ERROR;
				GCC_WARN_UNDECLARED_SELECTOR = YES;
				GCC_WARN_UNINITIALIZED_AUTOS = YES_AGGRESSIVE;
				GCC_WARN_UNUSED_FUNCTION = YES;
				GCC_WARN_UNUSED_VARIABLE = YES;
				MTL_ENABLE_DEBUG_INFO = INCLUDE_SOURCE;
				MTL_FAST_MATH = YES;
				ONLY_ACTIVE_ARCH = YES;
				SWIFT_ACTIVE_COMPILATION_CONDITIONS = DEBUG;
				SWIFT_OPTIMIZATION_LEVEL = "-Onone";
			};
			name = Debug;
		};
		ACBBA2152834398C005293CC /* Release */ = {
			isa = XCBuildConfiguration;
			buildSettings = {
				ALWAYS_SEARCH_USER_PATHS = NO;
				ASSETCATALOG_COMPILER_GLOBAL_ACCENT_COLOR_NAME = AccentColor;
				CLANG_ANALYZER_NONNULL = YES;
				CLANG_ANALYZER_NUMBER_OBJECT_CONVERSION = YES_AGGRESSIVE;
				CLANG_CXX_LANGUAGE_STANDARD = "gnu++17";
				CLANG_ENABLE_MODULES = YES;
				CLANG_ENABLE_OBJC_ARC = YES;
				CLANG_ENABLE_OBJC_WEAK = YES;
				CLANG_WARN_BLOCK_CAPTURE_AUTORELEASING = YES;
				CLANG_WARN_BOOL_CONVERSION = YES;
				CLANG_WARN_COMMA = YES;
				CLANG_WARN_CONSTANT_CONVERSION = YES;
				CLANG_WARN_DEPRECATED_OBJC_IMPLEMENTATIONS = YES;
				CLANG_WARN_DIRECT_OBJC_ISA_USAGE = YES_ERROR;
				CLANG_WARN_DOCUMENTATION_COMMENTS = YES;
				CLANG_WARN_EMPTY_BODY = YES;
				CLANG_WARN_ENUM_CONVERSION = YES;
				CLANG_WARN_INFINITE_RECURSION = YES;
				CLANG_WARN_INT_CONVERSION = YES;
				CLANG_WARN_NON_LITERAL_NULL_CONVERSION = YES;
				CLANG_WARN_OBJC_IMPLICIT_RETAIN_SELF = YES;
				CLANG_WARN_OBJC_LITERAL_CONVERSION = YES;
				CLANG_WARN_OBJC_ROOT_CLASS = YES_ERROR;
				CLANG_WARN_QUOTED_INCLUDE_IN_FRAMEWORK_HEADER = YES;
				CLANG_WARN_RANGE_LOOP_ANALYSIS = YES;
				CLANG_WARN_STRICT_PROTOTYPES = YES;
				CLANG_WARN_SUSPICIOUS_MOVE = YES;
				CLANG_WARN_UNGUARDED_AVAILABILITY = YES_AGGRESSIVE;
				CLANG_WARN_UNREACHABLE_CODE = YES;
				CLANG_WARN__DUPLICATE_METHOD_MATCH = YES;
				COPY_PHASE_STRIP = NO;
				DEAD_CODE_STRIPPING = YES;
				DEBUG_INFORMATION_FORMAT = "dwarf-with-dsym";
				ENABLE_NS_ASSERTIONS = NO;
				ENABLE_STRICT_OBJC_MSGSEND = YES;
				GCC_C_LANGUAGE_STANDARD = gnu11;
				GCC_NO_COMMON_BLOCKS = YES;
				GCC_WARN_64_TO_32_BIT_CONVERSION = YES;
				GCC_WARN_ABOUT_RETURN_TYPE = YES_ERROR;
				GCC_WARN_UNDECLARED_SELECTOR = YES;
				GCC_WARN_UNINITIALIZED_AUTOS = YES_AGGRESSIVE;
				GCC_WARN_UNUSED_FUNCTION = YES;
				GCC_WARN_UNUSED_VARIABLE = YES;
				MTL_ENABLE_DEBUG_INFO = NO;
				MTL_FAST_MATH = YES;
				SWIFT_COMPILATION_MODE = wholemodule;
				SWIFT_OPTIMIZATION_LEVEL = "-O";
			};
			name = Release;
		};
		ACBBA2172834398C005293CC /* Debug */ = {
			isa = XCBuildConfiguration;
			buildSettings = {
				ASSETCATALOG_COMPILER_APPICON_NAME = AppIcon;
				ASSETCATALOG_COMPILER_GLOBAL_ACCENT_COLOR_NAME = AccentColor;
				CODE_SIGN_STYLE = Automatic;
				CURRENT_PROJECT_VERSION = 1;
				DEVELOPMENT_TEAM = 24N6W98S7V;
				ENABLE_PREVIEWS = YES;
				GENERATE_INFOPLIST_FILE = YES;
				INFOPLIST_KEY_UIApplicationSceneManifest_Generation = YES;
				INFOPLIST_KEY_UIApplicationSupportsIndirectInputEvents = YES;
				INFOPLIST_KEY_UILaunchScreen_Generation = YES;
				INFOPLIST_KEY_UISupportedInterfaceOrientations_iPad = "UIInterfaceOrientationPortrait UIInterfaceOrientationPortraitUpsideDown UIInterfaceOrientationLandscapeLeft UIInterfaceOrientationLandscapeRight";
				INFOPLIST_KEY_UISupportedInterfaceOrientations_iPhone = "UIInterfaceOrientationPortrait UIInterfaceOrientationLandscapeLeft UIInterfaceOrientationLandscapeRight";
				IPHONEOS_DEPLOYMENT_TARGET = 16.2;
				LD_RUNPATH_SEARCH_PATHS = (
					"$(inherited)",
					"@executable_path/Frameworks",
				);
				MARKETING_VERSION = 1.0;
				PRODUCT_BUNDLE_IDENTIFIER = com.proagrica.Experimental;
				PRODUCT_NAME = Experimental;
				SDKROOT = iphoneos;
				SWIFT_EMIT_LOC_STRINGS = YES;
				SWIFT_VERSION = 5.0;
				TARGETED_DEVICE_FAMILY = "1,2";
			};
			name = Debug;
		};
		ACBBA2182834398C005293CC /* Release */ = {
			isa = XCBuildConfiguration;
			buildSettings = {
				ASSETCATALOG_COMPILER_APPICON_NAME = AppIcon;
				ASSETCATALOG_COMPILER_GLOBAL_ACCENT_COLOR_NAME = AccentColor;
				CODE_SIGN_STYLE = Automatic;
				CURRENT_PROJECT_VERSION = 1;
				DEVELOPMENT_TEAM = 24N6W98S7V;
				ENABLE_PREVIEWS = YES;
				GENERATE_INFOPLIST_FILE = YES;
				INFOPLIST_KEY_UIApplicationSceneManifest_Generation = YES;
				INFOPLIST_KEY_UIApplicationSupportsIndirectInputEvents = YES;
				INFOPLIST_KEY_UILaunchScreen_Generation = YES;
				INFOPLIST_KEY_UISupportedInterfaceOrientations_iPad = "UIInterfaceOrientationPortrait UIInterfaceOrientationPortraitUpsideDown UIInterfaceOrientationLandscapeLeft UIInterfaceOrientationLandscapeRight";
				INFOPLIST_KEY_UISupportedInterfaceOrientations_iPhone = "UIInterfaceOrientationPortrait UIInterfaceOrientationLandscapeLeft UIInterfaceOrientationLandscapeRight";
				IPHONEOS_DEPLOYMENT_TARGET = 16.2;
				LD_RUNPATH_SEARCH_PATHS = (
					"$(inherited)",
					"@executable_path/Frameworks",
				);
				MARKETING_VERSION = 1.0;
				PRODUCT_BUNDLE_IDENTIFIER = com.proagrica.Experimental;
				PRODUCT_NAME = Experimental;
				SDKROOT = iphoneos;
				SWIFT_EMIT_LOC_STRINGS = YES;
				SWIFT_VERSION = 5.0;
				TARGETED_DEVICE_FAMILY = "1,2";
				VALIDATE_PRODUCT = YES;
			};
			name = Release;
		};
		ACBBA21A2834398C005293CC /* Debug */ = {
			isa = XCBuildConfiguration;
			buildSettings = {
				ASSETCATALOG_COMPILER_APPICON_NAME = AppIcon;
				ASSETCATALOG_COMPILER_GLOBAL_ACCENT_COLOR_NAME = AccentColor;
				CODE_SIGN_ENTITLEMENTS = macOS/macOS.entitlements;
				CODE_SIGN_IDENTITY = "-";
				CODE_SIGN_STYLE = Automatic;
				COMBINE_HIDPI_IMAGES = YES;
				CURRENT_PROJECT_VERSION = 1;
				DEAD_CODE_STRIPPING = YES;
				ENABLE_PREVIEWS = YES;
				GENERATE_INFOPLIST_FILE = YES;
				INFOPLIST_KEY_NSHumanReadableCopyright = "";
				LD_RUNPATH_SEARCH_PATHS = (
					"$(inherited)",
					"@executable_path/../Frameworks",
				);
				MACOSX_DEPLOYMENT_TARGET = 12.3;
				MARKETING_VERSION = 1.0;
				PRODUCT_BUNDLE_IDENTIFIER = com.proagrica.Experimental;
				PRODUCT_NAME = Experimental;
				SDKROOT = macosx;
				SWIFT_EMIT_LOC_STRINGS = YES;
				SWIFT_VERSION = 5.0;
			};
			name = Debug;
		};
		ACBBA21B2834398C005293CC /* Release */ = {
			isa = XCBuildConfiguration;
			buildSettings = {
				ASSETCATALOG_COMPILER_APPICON_NAME = AppIcon;
				ASSETCATALOG_COMPILER_GLOBAL_ACCENT_COLOR_NAME = AccentColor;
				CODE_SIGN_ENTITLEMENTS = macOS/macOS.entitlements;
				CODE_SIGN_IDENTITY = "-";
				CODE_SIGN_STYLE = Automatic;
				COMBINE_HIDPI_IMAGES = YES;
				CURRENT_PROJECT_VERSION = 1;
				DEAD_CODE_STRIPPING = YES;
				ENABLE_PREVIEWS = YES;
				GENERATE_INFOPLIST_FILE = YES;
				INFOPLIST_KEY_NSHumanReadableCopyright = "";
				LD_RUNPATH_SEARCH_PATHS = (
					"$(inherited)",
					"@executable_path/../Frameworks",
				);
				MACOSX_DEPLOYMENT_TARGET = 12.3;
				MARKETING_VERSION = 1.0;
				PRODUCT_BUNDLE_IDENTIFIER = com.proagrica.Experimental;
				PRODUCT_NAME = Experimental;
				SDKROOT = macosx;
				SWIFT_EMIT_LOC_STRINGS = YES;
				SWIFT_VERSION = 5.0;
			};
			name = Release;
		};
		ACBBA21D2834398C005293CC /* Debug */ = {
			isa = XCBuildConfiguration;
			buildSettings = {
				ALWAYS_EMBED_SWIFT_STANDARD_LIBRARIES = YES;
				CODE_SIGN_STYLE = Automatic;
				CURRENT_PROJECT_VERSION = 1;
				GENERATE_INFOPLIST_FILE = YES;
				IPHONEOS_DEPLOYMENT_TARGET = 15.4;
				MARKETING_VERSION = 1.0;
				PRODUCT_BUNDLE_IDENTIFIER = "com.proagrica.Tests-iOS";
				PRODUCT_NAME = "$(TARGET_NAME)";
				SDKROOT = iphoneos;
				SWIFT_EMIT_LOC_STRINGS = NO;
				SWIFT_VERSION = 5.0;
				TARGETED_DEVICE_FAMILY = "1,2";
				TEST_TARGET_NAME = "Experimental (iOS)";
			};
			name = Debug;
		};
		ACBBA21E2834398C005293CC /* Release */ = {
			isa = XCBuildConfiguration;
			buildSettings = {
				ALWAYS_EMBED_SWIFT_STANDARD_LIBRARIES = YES;
				CODE_SIGN_STYLE = Automatic;
				CURRENT_PROJECT_VERSION = 1;
				GENERATE_INFOPLIST_FILE = YES;
				IPHONEOS_DEPLOYMENT_TARGET = 15.4;
				MARKETING_VERSION = 1.0;
				PRODUCT_BUNDLE_IDENTIFIER = "com.proagrica.Tests-iOS";
				PRODUCT_NAME = "$(TARGET_NAME)";
				SDKROOT = iphoneos;
				SWIFT_EMIT_LOC_STRINGS = NO;
				SWIFT_VERSION = 5.0;
				TARGETED_DEVICE_FAMILY = "1,2";
				TEST_TARGET_NAME = "Experimental (iOS)";
				VALIDATE_PRODUCT = YES;
			};
			name = Release;
		};
		ACBBA2202834398C005293CC /* Debug */ = {
			isa = XCBuildConfiguration;
			buildSettings = {
				ALWAYS_EMBED_SWIFT_STANDARD_LIBRARIES = YES;
				CODE_SIGN_STYLE = Automatic;
				CURRENT_PROJECT_VERSION = 1;
				DEAD_CODE_STRIPPING = YES;
				GENERATE_INFOPLIST_FILE = YES;
				MACOSX_DEPLOYMENT_TARGET = 12.3;
				MARKETING_VERSION = 1.0;
				PRODUCT_BUNDLE_IDENTIFIER = "com.proagrica.Tests-macOS";
				PRODUCT_NAME = "$(TARGET_NAME)";
				SDKROOT = macosx;
				SWIFT_EMIT_LOC_STRINGS = NO;
				SWIFT_VERSION = 5.0;
				TEST_TARGET_NAME = "Experimental (macOS)";
			};
			name = Debug;
		};
		ACBBA2212834398C005293CC /* Release */ = {
			isa = XCBuildConfiguration;
			buildSettings = {
				ALWAYS_EMBED_SWIFT_STANDARD_LIBRARIES = YES;
				CODE_SIGN_STYLE = Automatic;
				CURRENT_PROJECT_VERSION = 1;
				DEAD_CODE_STRIPPING = YES;
				GENERATE_INFOPLIST_FILE = YES;
				MACOSX_DEPLOYMENT_TARGET = 12.3;
				MARKETING_VERSION = 1.0;
				PRODUCT_BUNDLE_IDENTIFIER = "com.proagrica.Tests-macOS";
				PRODUCT_NAME = "$(TARGET_NAME)";
				SDKROOT = macosx;
				SWIFT_EMIT_LOC_STRINGS = NO;
				SWIFT_VERSION = 5.0;
				TEST_TARGET_NAME = "Experimental (macOS)";
			};
			name = Release;
		};
/* End XCBuildConfiguration section */

/* Begin XCConfigurationList section */
		ACBBA1DD2834398A005293CC /* Build configuration list for PBXProject "Experimental" */ = {
			isa = XCConfigurationList;
			buildConfigurations = (
				ACBBA2142834398C005293CC /* Debug */,
				ACBBA2152834398C005293CC /* Release */,
			);
			defaultConfigurationIsVisible = 0;
			defaultConfigurationName = Release;
		};
		ACBBA2162834398C005293CC /* Build configuration list for PBXNativeTarget "Experimental (iOS)" */ = {
			isa = XCConfigurationList;
			buildConfigurations = (
				ACBBA2172834398C005293CC /* Debug */,
				ACBBA2182834398C005293CC /* Release */,
			);
			defaultConfigurationIsVisible = 0;
			defaultConfigurationName = Release;
		};
		ACBBA2192834398C005293CC /* Build configuration list for PBXNativeTarget "Experimental (macOS)" */ = {
			isa = XCConfigurationList;
			buildConfigurations = (
				ACBBA21A2834398C005293CC /* Debug */,
				ACBBA21B2834398C005293CC /* Release */,
			);
			defaultConfigurationIsVisible = 0;
			defaultConfigurationName = Release;
		};
		ACBBA21C2834398C005293CC /* Build configuration list for PBXNativeTarget "Tests iOS" */ = {
			isa = XCConfigurationList;
			buildConfigurations = (
				ACBBA21D2834398C005293CC /* Debug */,
				ACBBA21E2834398C005293CC /* Release */,
			);
			defaultConfigurationIsVisible = 0;
			defaultConfigurationName = Release;
		};
		ACBBA21F2834398C005293CC /* Build configuration list for PBXNativeTarget "Tests macOS" */ = {
			isa = XCConfigurationList;
			buildConfigurations = (
				ACBBA2202834398C005293CC /* Debug */,
				ACBBA2212834398C005293CC /* Release */,
			);
			defaultConfigurationIsVisible = 0;
			defaultConfigurationName = Release;
		};
/* End XCConfigurationList section */

/* Begin XCVersionGroup section */
		ACBBA1DF2834398A005293CC /* Experimental.xcdatamodeld */ = {
			isa = XCVersionGroup;
			children = (
				ACBBA1E02834398A005293CC /* Shared.xcdatamodel */,
			);
			currentVersion = ACBBA1E02834398A005293CC /* Shared.xcdatamodel */;
			path = Experimental.xcdatamodeld;
			sourceTree = "<group>";
			versionGroupType = wrapper.xcdatamodel;
		};
/* End XCVersionGroup section */
	};
	rootObject = ACBBA1DA2834398A005293CC /* Project object */;
}
